
Microsoft Visual Studio Solution File, Format Version 12.00
# Visual Studio Version 17
VisualStudioVersion = 17.0.31903.59
MinimumVisualStudioVersion = 10.0.40219.1
Project("{2150E333-8FDC-42A3-9474-1A3956D46DE8}") = "src", "src", "{81442C92-0BB6-49E4-A991-FF2DE5651073}"
EndProject
Project("{2150E333-8FDC-42A3-9474-1A3956D46DE8}") = "test", "test", "{DE0672CD-CB25-484B-A414-1A154D4089E8}"
EndProject
Project("{9A19103F-16F7-4668-BE54-9A1E7A4F7556}") = "Adens.DevToys.FileSplitter", "src\Adens.DevToys.FileSplitter\Adens.DevToys.FileSplitter.csproj", "{8B739686-B00B-46D6-93FD-AF2D952F5603}"
EndProject
Project("{9A19103F-16F7-4668-BE54-9A1E7A4F7556}") = "Adens.DevToys.RsaGenerator", "src\Adens.DevToys.RsaGenerator\Adens.DevToys.RsaGenerator.csproj", "{BDFE8D9B-4F09-4903-8D9C-6BA71A6F9931}"
EndProject
Project("{2150E333-8FDC-42A3-9474-1A3956D46DE8}") = "Solution Items", "Solution Items", "{425E32B5-032B-4BD5-BFF7-9B09B59E1068}"
	ProjectSection(SolutionItems) = preProject
		.gitignore = .gitignore
		LICENSE = LICENSE
		README.md = README.md
	EndProjectSection
EndProject
Project("{9A19103F-16F7-4668-BE54-9A1E7A4F7556}") = "Adens.DevToys.SimpleSequenceExecutor", "src\Adens.DevToys.SimpleSequenceExecutor\Adens.DevToys.SimpleSequenceExecutor.csproj", "{170E74DB-3102-4A7F-9401-36F53C824D8A}"
EndProject
Project("{9A19103F-16F7-4668-BE54-9A1E7A4F7556}") = "Adens.DevToys.Shared", "src\Adens.DevToys.Shared\Adens.DevToys.Shared.csproj", "{7609061D-8275-4014-937F-B29BC079B45C}"
EndProject
Project("{2150E333-8FDC-42A3-9474-1A3956D46DE8}") = "doc", "doc", "{43221405-0366-422D-8FCD-0D18CF93779B}"
	ProjectSection(SolutionItems) = preProject
		doc\FileSplitter.md = doc\FileSplitter.md
		doc\RsaGenerator.md = doc\RsaGenerator.md
		doc\SimpleSequenceExecutor.md = doc\SimpleSequenceExecutor.md
	EndProjectSection
EndProject
Project("{2150E333-8FDC-42A3-9474-1A3956D46DE8}") = "src", "src", "{2F660621-D274-47A8-99DB-B9BCCA52AEF3}"
	ProjectSection(SolutionItems) = preProject
		Directory.Build.props = Directory.Build.props
		Directory.Packages.props = Directory.Packages.props
	EndProjectSection
EndProject
Project("{9A19103F-16F7-4668-BE54-9A1E7A4F7556}") = "Adens.DevToys.Testbase", "src\Adens.DevToys.Testbase\Adens.DevToys.Testbase.csproj", "{5FB41931-DACC-4BBC-841B-DD434DF9B1AC}"
EndProject
Project("{9A19103F-16F7-4668-BE54-9A1E7A4F7556}") = "Adens.DevToys.FileSplitter.Tests", "test\Adens.DevToys.FileSplitter.Tests\Adens.DevToys.FileSplitter.Tests.csproj", "{6EC5B200-0326-43AD-B855-D6A0F48E444A}"
EndProject
Global
	GlobalSection(SolutionConfigurationPlatforms) = preSolution
		Debug|Any CPU = Debug|Any CPU
		Release|Any CPU = Release|Any CPU
	EndGlobalSection
	GlobalSection(ProjectConfigurationPlatforms) = postSolution
		{8B739686-B00B-46D6-93FD-AF2D952F5603}.Debug|Any CPU.ActiveCfg = Debug|Any CPU
		{8B739686-B00B-46D6-93FD-AF2D952F5603}.Debug|Any CPU.Build.0 = Debug|Any CPU
		{8B739686-B00B-46D6-93FD-AF2D952F5603}.Release|Any CPU.ActiveCfg = Release|Any CPU
		{8B739686-B00B-46D6-93FD-AF2D952F5603}.Release|Any CPU.Build.0 = Release|Any CPU
		{BDFE8D9B-4F09-4903-8D9C-6BA71A6F9931}.Debug|Any CPU.ActiveCfg = Debug|Any CPU
		{BDFE8D9B-4F09-4903-8D9C-6BA71A6F9931}.Debug|Any CPU.Build.0 = Debug|Any CPU
		{BDFE8D9B-4F09-4903-8D9C-6BA71A6F9931}.Release|Any CPU.ActiveCfg = Release|Any CPU
		{BDFE8D9B-4F09-4903-8D9C-6BA71A6F9931}.Release|Any CPU.Build.0 = Release|Any CPU
		{170E74DB-3102-4A7F-9401-36F53C824D8A}.Debug|Any CPU.ActiveCfg = Debug|Any CPU
		{170E74DB-3102-4A7F-9401-36F53C824D8A}.Debug|Any CPU.Build.0 = Debug|Any CPU
		{170E74DB-3102-4A7F-9401-36F53C824D8A}.Release|Any CPU.ActiveCfg = Release|Any CPU
		{170E74DB-3102-4A7F-9401-36F53C824D8A}.Release|Any CPU.Build.0 = Release|Any CPU
		{7609061D-8275-4014-937F-B29BC079B45C}.Debug|Any CPU.ActiveCfg = Debug|Any CPU
		{7609061D-8275-4014-937F-B29BC079B45C}.Debug|Any CPU.Build.0 = Debug|Any CPU
		{7609061D-8275-4014-937F-B29BC079B45C}.Release|Any CPU.ActiveCfg = Release|Any CPU
		{7609061D-8275-4014-937F-B29BC079B45C}.Release|Any CPU.Build.0 = Release|Any CPU
		{5FB41931-DACC-4BBC-841B-DD434DF9B1AC}.Debug|Any CPU.ActiveCfg = Debug|Any CPU
		{5FB41931-DACC-4BBC-841B-DD434DF9B1AC}.Debug|Any CPU.Build.0 = Debug|Any CPU
		{5FB41931-DACC-4BBC-841B-DD434DF9B1AC}.Release|Any CPU.ActiveCfg = Release|Any CPU
		{5FB41931-DACC-4BBC-841B-DD434DF9B1AC}.Release|Any CPU.Build.0 = Release|Any CPU
		{6EC5B200-0326-43AD-B855-D6A0F48E444A}.Debug|Any CPU.ActiveCfg = Debug|Any CPU
		{6EC5B200-0326-43AD-B855-D6A0F48E444A}.Debug|Any CPU.Build.0 = Debug|Any CPU
		{6EC5B200-0326-43AD-B855-D6A0F48E444A}.Release|Any CPU.ActiveCfg = Release|Any CPU
		{6EC5B200-0326-43AD-B855-D6A0F48E444A}.Release|Any CPU.Build.0 = Release|Any CPU
	EndGlobalSection
	GlobalSection(SolutionProperties) = preSolution
		HideSolutionNode = FALSE
	EndGlobalSection
	GlobalSection(NestedProjects) = preSolution
		{8B739686-B00B-46D6-93FD-AF2D952F5603} = {81442C92-0BB6-49E4-A991-FF2DE5651073}
		{BDFE8D9B-4F09-4903-8D9C-6BA71A6F9931} = {81442C92-0BB6-49E4-A991-FF2DE5651073}
		{170E74DB-3102-4A7F-9401-36F53C824D8A} = {81442C92-0BB6-49E4-A991-FF2DE5651073}
		{7609061D-8275-4014-937F-B29BC079B45C} = {81442C92-0BB6-49E4-A991-FF2DE5651073}
		{2F660621-D274-47A8-99DB-B9BCCA52AEF3} = {425E32B5-032B-4BD5-BFF7-9B09B59E1068}
		{5FB41931-DACC-4BBC-841B-DD434DF9B1AC} = {81442C92-0BB6-49E4-A991-FF2DE5651073}
		{6EC5B200-0326-43AD-B855-D6A0F48E444A} = {DE0672CD-CB25-484B-A414-1A154D4089E8}
	EndGlobalSection
	GlobalSection(ExtensibilityGlobals) = postSolution
		SolutionGuid = {CE85D6B2-DF1A-4DCE-A204-81FAF65DC888}
	EndGlobalSection
EndGlobal
